// !$*UTF8*$!
{
	archiveVersion = 1;
	classes = {
	};
	objectVersion = 50;
	objects = {

/* Begin PBXBuildFile section */
		0E11922023624F5700252658 /* OTPLoginDisplay.swift in Sources */ = {isa = PBXBuildFile; fileRef = 0E11921F23624F5700252658 /* OTPLoginDisplay.swift */; };
		0E1192232362511100252658 /* LocalizationKeys.swift in Sources */ = {isa = PBXBuildFile; fileRef = 0E1192222362511100252658 /* LocalizationKeys.swift */; };
		0E1192252362513600252658 /* RewardsApp+StringKeys.swift in Sources */ = {isa = PBXBuildFile; fileRef = 0E1192242362513600252658 /* RewardsApp+StringKeys.swift */; };
		0E1192272362519C00252658 /* RewardsApp.strings in Resources */ = {isa = PBXBuildFile; fileRef = 0E1192262362519C00252658 /* RewardsApp.strings */; };
		0E11922B236252A600252658 /* OTPLoginPresenter.swift in Sources */ = {isa = PBXBuildFile; fileRef = 0E11922A236252A600252658 /* OTPLoginPresenter.swift */; };
		0E11922E2362E28A00252658 /* SkyFloatingLabelTextField.framework in Frameworks */ = {isa = PBXBuildFile; fileRef = 0E11922C2362E28A00252658 /* SkyFloatingLabelTextField.framework */; };
		0E11922F2362E28A00252658 /* Lottie.framework in Frameworks */ = {isa = PBXBuildFile; fileRef = 0E11922D2362E28A00252658 /* Lottie.framework */; };
		0E1192332362FD7F00252658 /* TapDismissManager.swift in Sources */ = {isa = PBXBuildFile; fileRef = 0E1192322362FD7F00252658 /* TapDismissManager.swift */; };
		0E1192352362FDB000252658 /* KeyboardTracker.swift in Sources */ = {isa = PBXBuildFile; fileRef = 0E1192342362FDB000252658 /* KeyboardTracker.swift */; };
		0E27176A2360791600883177 /* EndpointConfiguration.swift in Sources */ = {isa = PBXBuildFile; fileRef = 0E2717692360791600883177 /* EndpointConfiguration.swift */; };
		0E27176D236079CA00883177 /* LoginToken.swift in Sources */ = {isa = PBXBuildFile; fileRef = 0E27176C236079CA00883177 /* LoginToken.swift */; };
		0E27176F23607A5000883177 /* OTPLoginInput.swift in Sources */ = {isa = PBXBuildFile; fileRef = 0E27176E23607A5000883177 /* OTPLoginInput.swift */; };
		0E2717732361938A00883177 /* BaseRequest.swift in Sources */ = {isa = PBXBuildFile; fileRef = 0E2717722361938A00883177 /* BaseRequest.swift */; };
		0E271775236193F200883177 /* IdentityService+OTP.swift in Sources */ = {isa = PBXBuildFile; fileRef = 0E271774236193F200883177 /* IdentityService+OTP.swift */; };
		0E271778236194DF00883177 /* OTPLoginRequest.swift in Sources */ = {isa = PBXBuildFile; fileRef = 0E271777236194DF00883177 /* OTPLoginRequest.swift */; };
		0E2717792361987000883177 /* RxSwift.framework in Frameworks */ = {isa = PBXBuildFile; fileRef = 0E4A6E7623607364003C6399 /* RxSwift.framework */; };
		0E27177A2361989E00883177 /* RxSwift.framework in Frameworks */ = {isa = PBXBuildFile; fileRef = 0E4A6E7623607364003C6399 /* RxSwift.framework */; };
		0E27177E2361B27000883177 /* APIError.swift in Sources */ = {isa = PBXBuildFile; fileRef = 0E27177D2361B27000883177 /* APIError.swift */; };
		0E2717812361C0D000883177 /* Nimble.framework in Frameworks */ = {isa = PBXBuildFile; fileRef = 0E27177F2361C0D000883177 /* Nimble.framework */; };
		0E2717822361C0D000883177 /* Quick.framework in Frameworks */ = {isa = PBXBuildFile; fileRef = 0E2717802361C0D000883177 /* Quick.framework */; };
		0E27178A2361C11800883177 /* OTPLoginRequestSpec.swift in Sources */ = {isa = PBXBuildFile; fileRef = 0E2717892361C11800883177 /* OTPLoginRequestSpec.swift */; };
		0E2717912361C13D00883177 /* Alamofire.framework in Frameworks */ = {isa = PBXBuildFile; fileRef = 0E4A6E7723607364003C6399 /* Alamofire.framework */; };
		0E2717922361C13D00883177 /* Nimble.framework in Frameworks */ = {isa = PBXBuildFile; fileRef = 0E27177F2361C0D000883177 /* Nimble.framework */; };
		0E2717932361C13D00883177 /* PKHUD.framework in Frameworks */ = {isa = PBXBuildFile; fileRef = 0E4A6E7923607364003C6399 /* PKHUD.framework */; };
		0E2717942361C13D00883177 /* Quick.framework in Frameworks */ = {isa = PBXBuildFile; fileRef = 0E2717802361C0D000883177 /* Quick.framework */; };
		0E2717952361C13D00883177 /* RxSwift.framework in Frameworks */ = {isa = PBXBuildFile; fileRef = 0E4A6E7623607364003C6399 /* RxSwift.framework */; };
		0E2717962361C13D00883177 /* SnapKit.framework in Frameworks */ = {isa = PBXBuildFile; fileRef = 0E4A6E7823607364003C6399 /* SnapKit.framework */; };
		0E2717992361CEDD00883177 /* ObservableDataSource.swift in Sources */ = {isa = PBXBuildFile; fileRef = 0E2717982361CEDD00883177 /* ObservableDataSource.swift */; };
		0E27179B2361CF9200883177 /* HTTPClient.swift in Sources */ = {isa = PBXBuildFile; fileRef = 0E27179A2361CF9200883177 /* HTTPClient.swift */; };
		0E3312A22362380C00FF89B5 /* IdentityServiceSpec.swift in Sources */ = {isa = PBXBuildFile; fileRef = 0E3312A12362380C00FF89B5 /* IdentityServiceSpec.swift */; };
		0E3312A723623A1700FF89B5 /* ObservableDataSource+TestDoubles.swift in Sources */ = {isa = PBXBuildFile; fileRef = 0E3312A623623A1700FF89B5 /* ObservableDataSource+TestDoubles.swift */; };
		0E4A6E5623606EEE003C6399 /* AppDelegate.swift in Sources */ = {isa = PBXBuildFile; fileRef = 0E4A6E5523606EEE003C6399 /* AppDelegate.swift */; };
		0E4A6E5823606EEE003C6399 /* OTPLoginViewController.swift in Sources */ = {isa = PBXBuildFile; fileRef = 0E4A6E5723606EEE003C6399 /* OTPLoginViewController.swift */; };
		0E4A6E5B23606EEE003C6399 /* Main.storyboard in Resources */ = {isa = PBXBuildFile; fileRef = 0E4A6E5923606EEE003C6399 /* Main.storyboard */; };
		0E4A6E5D23606EF0003C6399 /* Assets.xcassets in Resources */ = {isa = PBXBuildFile; fileRef = 0E4A6E5C23606EF0003C6399 /* Assets.xcassets */; };
		0E4A6E6023606EF0003C6399 /* LaunchScreen.storyboard in Resources */ = {isa = PBXBuildFile; fileRef = 0E4A6E5E23606EF0003C6399 /* LaunchScreen.storyboard */; };
		0E4A6E6B23606EF0003C6399 /* RewardsUITests.swift in Sources */ = {isa = PBXBuildFile; fileRef = 0E4A6E6A23606EF0003C6399 /* RewardsUITests.swift */; };
		0E4A6E7B23607364003C6399 /* Alamofire.framework in Frameworks */ = {isa = PBXBuildFile; fileRef = 0E4A6E7723607364003C6399 /* Alamofire.framework */; };
		0E4A6E7C23607364003C6399 /* SnapKit.framework in Frameworks */ = {isa = PBXBuildFile; fileRef = 0E4A6E7823607364003C6399 /* SnapKit.framework */; };
		0E4A6E7D23607364003C6399 /* PKHUD.framework in Frameworks */ = {isa = PBXBuildFile; fileRef = 0E4A6E7923607364003C6399 /* PKHUD.framework */; };
		0E4A6E82236076D9003C6399 /* Alamofire.framework in Frameworks */ = {isa = PBXBuildFile; fileRef = 0E4A6E7723607364003C6399 /* Alamofire.framework */; };
		0E4A6E83236076D9003C6399 /* PKHUD.framework in Frameworks */ = {isa = PBXBuildFile; fileRef = 0E4A6E7923607364003C6399 /* PKHUD.framework */; };
		0E4A6E84236076D9003C6399 /* SnapKit.framework in Frameworks */ = {isa = PBXBuildFile; fileRef = 0E4A6E7823607364003C6399 /* SnapKit.framework */; };
/* End PBXBuildFile section */

/* Begin PBXContainerItemProxy section */
		0E27178C2361C11800883177 /* PBXContainerItemProxy */ = {
			isa = PBXContainerItemProxy;
			containerPortal = 0E4A6E4A23606EEE003C6399 /* Project object */;
			proxyType = 1;
			remoteGlobalIDString = 0E4A6E5123606EEE003C6399;
			remoteInfo = Rewards;
		};
		0E4A6E6723606EF0003C6399 /* PBXContainerItemProxy */ = {
			isa = PBXContainerItemProxy;
			containerPortal = 0E4A6E4A23606EEE003C6399 /* Project object */;
			proxyType = 1;
			remoteGlobalIDString = 0E4A6E5123606EEE003C6399;
			remoteInfo = Rewards;
		};
/* End PBXContainerItemProxy section */

/* Begin PBXFileReference section */
		0E11921F23624F5700252658 /* OTPLoginDisplay.swift */ = {isa = PBXFileReference; lastKnownFileType = sourcecode.swift; path = OTPLoginDisplay.swift; sourceTree = "<group>"; };
		0E1192222362511100252658 /* LocalizationKeys.swift */ = {isa = PBXFileReference; lastKnownFileType = sourcecode.swift; path = LocalizationKeys.swift; sourceTree = "<group>"; };
		0E1192242362513600252658 /* RewardsApp+StringKeys.swift */ = {isa = PBXFileReference; lastKnownFileType = sourcecode.swift; path = "RewardsApp+StringKeys.swift"; sourceTree = "<group>"; };
		0E1192262362519C00252658 /* RewardsApp.strings */ = {isa = PBXFileReference; lastKnownFileType = text.plist.strings; path = RewardsApp.strings; sourceTree = "<group>"; };
		0E11922A236252A600252658 /* OTPLoginPresenter.swift */ = {isa = PBXFileReference; lastKnownFileType = sourcecode.swift; path = OTPLoginPresenter.swift; sourceTree = "<group>"; };
		0E11922C2362E28A00252658 /* SkyFloatingLabelTextField.framework */ = {isa = PBXFileReference; lastKnownFileType = wrapper.framework; name = SkyFloatingLabelTextField.framework; path = Carthage/Build/iOS/SkyFloatingLabelTextField.framework; sourceTree = "<group>"; };
		0E11922D2362E28A00252658 /* Lottie.framework */ = {isa = PBXFileReference; lastKnownFileType = wrapper.framework; name = Lottie.framework; path = Carthage/Build/iOS/Lottie.framework; sourceTree = "<group>"; };
		0E1192322362FD7F00252658 /* TapDismissManager.swift */ = {isa = PBXFileReference; lastKnownFileType = sourcecode.swift; path = TapDismissManager.swift; sourceTree = "<group>"; };
		0E1192342362FDB000252658 /* KeyboardTracker.swift */ = {isa = PBXFileReference; lastKnownFileType = sourcecode.swift; path = KeyboardTracker.swift; sourceTree = "<group>"; };
		0E2717692360791600883177 /* EndpointConfiguration.swift */ = {isa = PBXFileReference; lastKnownFileType = sourcecode.swift; path = EndpointConfiguration.swift; sourceTree = "<group>"; };
		0E27176C236079CA00883177 /* LoginToken.swift */ = {isa = PBXFileReference; lastKnownFileType = sourcecode.swift; path = LoginToken.swift; sourceTree = "<group>"; };
		0E27176E23607A5000883177 /* OTPLoginInput.swift */ = {isa = PBXFileReference; lastKnownFileType = sourcecode.swift; path = OTPLoginInput.swift; sourceTree = "<group>"; };
		0E2717722361938A00883177 /* BaseRequest.swift */ = {isa = PBXFileReference; lastKnownFileType = sourcecode.swift; path = BaseRequest.swift; sourceTree = "<group>"; };
		0E271774236193F200883177 /* IdentityService+OTP.swift */ = {isa = PBXFileReference; lastKnownFileType = sourcecode.swift; path = "IdentityService+OTP.swift"; sourceTree = "<group>"; };
		0E271777236194DF00883177 /* OTPLoginRequest.swift */ = {isa = PBXFileReference; lastKnownFileType = sourcecode.swift; path = OTPLoginRequest.swift; sourceTree = "<group>"; };
		0E27177D2361B27000883177 /* APIError.swift */ = {isa = PBXFileReference; lastKnownFileType = sourcecode.swift; path = APIError.swift; sourceTree = "<group>"; };
		0E27177F2361C0D000883177 /* Nimble.framework */ = {isa = PBXFileReference; lastKnownFileType = wrapper.framework; name = Nimble.framework; path = Carthage/Build/iOS/Nimble.framework; sourceTree = "<group>"; };
		0E2717802361C0D000883177 /* Quick.framework */ = {isa = PBXFileReference; lastKnownFileType = wrapper.framework; name = Quick.framework; path = Carthage/Build/iOS/Quick.framework; sourceTree = "<group>"; };
		0E2717872361C11700883177 /* RewardsTests.xctest */ = {isa = PBXFileReference; explicitFileType = wrapper.cfbundle; includeInIndex = 0; path = RewardsTests.xctest; sourceTree = BUILT_PRODUCTS_DIR; };
		0E2717892361C11800883177 /* OTPLoginRequestSpec.swift */ = {isa = PBXFileReference; lastKnownFileType = sourcecode.swift; path = OTPLoginRequestSpec.swift; sourceTree = "<group>"; };
		0E27178B2361C11800883177 /* Info.plist */ = {isa = PBXFileReference; lastKnownFileType = text.plist.xml; path = Info.plist; sourceTree = "<group>"; };
		0E2717982361CEDD00883177 /* ObservableDataSource.swift */ = {isa = PBXFileReference; lastKnownFileType = sourcecode.swift; path = ObservableDataSource.swift; sourceTree = "<group>"; };
		0E27179A2361CF9200883177 /* HTTPClient.swift */ = {isa = PBXFileReference; lastKnownFileType = sourcecode.swift; path = HTTPClient.swift; sourceTree = "<group>"; };
		0E3312A12362380C00FF89B5 /* IdentityServiceSpec.swift */ = {isa = PBXFileReference; lastKnownFileType = sourcecode.swift; path = IdentityServiceSpec.swift; sourceTree = "<group>"; };
		0E3312A623623A1700FF89B5 /* ObservableDataSource+TestDoubles.swift */ = {isa = PBXFileReference; lastKnownFileType = sourcecode.swift; path = "ObservableDataSource+TestDoubles.swift"; sourceTree = "<group>"; };
		0E4A6E5223606EEE003C6399 /* Rewards.app */ = {isa = PBXFileReference; explicitFileType = wrapper.application; includeInIndex = 0; path = Rewards.app; sourceTree = BUILT_PRODUCTS_DIR; };
		0E4A6E5523606EEE003C6399 /* AppDelegate.swift */ = {isa = PBXFileReference; lastKnownFileType = sourcecode.swift; path = AppDelegate.swift; sourceTree = "<group>"; };
		0E4A6E5723606EEE003C6399 /* OTPLoginViewController.swift */ = {isa = PBXFileReference; lastKnownFileType = sourcecode.swift; path = OTPLoginViewController.swift; sourceTree = "<group>"; };
		0E4A6E5A23606EEE003C6399 /* Base */ = {isa = PBXFileReference; lastKnownFileType = file.storyboard; name = Base; path = Base.lproj/Main.storyboard; sourceTree = "<group>"; };
		0E4A6E5C23606EF0003C6399 /* Assets.xcassets */ = {isa = PBXFileReference; lastKnownFileType = folder.assetcatalog; path = Assets.xcassets; sourceTree = "<group>"; };
		0E4A6E5F23606EF0003C6399 /* Base */ = {isa = PBXFileReference; lastKnownFileType = file.storyboard; name = Base; path = Base.lproj/LaunchScreen.storyboard; sourceTree = "<group>"; };
		0E4A6E6123606EF0003C6399 /* Info.plist */ = {isa = PBXFileReference; lastKnownFileType = text.plist.xml; path = Info.plist; sourceTree = "<group>"; };
		0E4A6E6623606EF0003C6399 /* RewardsUITests.xctest */ = {isa = PBXFileReference; explicitFileType = wrapper.cfbundle; includeInIndex = 0; path = RewardsUITests.xctest; sourceTree = BUILT_PRODUCTS_DIR; };
		0E4A6E6A23606EF0003C6399 /* RewardsUITests.swift */ = {isa = PBXFileReference; lastKnownFileType = sourcecode.swift; path = RewardsUITests.swift; sourceTree = "<group>"; };
		0E4A6E6C23606EF0003C6399 /* Info.plist */ = {isa = PBXFileReference; lastKnownFileType = text.plist.xml; path = Info.plist; sourceTree = "<group>"; };
		0E4A6E7623607364003C6399 /* RxSwift.framework */ = {isa = PBXFileReference; lastKnownFileType = wrapper.framework; name = RxSwift.framework; path = Carthage/Build/iOS/RxSwift.framework; sourceTree = "<group>"; };
		0E4A6E7723607364003C6399 /* Alamofire.framework */ = {isa = PBXFileReference; lastKnownFileType = wrapper.framework; name = Alamofire.framework; path = Carthage/Build/iOS/Alamofire.framework; sourceTree = "<group>"; };
		0E4A6E7823607364003C6399 /* SnapKit.framework */ = {isa = PBXFileReference; lastKnownFileType = wrapper.framework; name = SnapKit.framework; path = Carthage/Build/iOS/SnapKit.framework; sourceTree = "<group>"; };
		0E4A6E7923607364003C6399 /* PKHUD.framework */ = {isa = PBXFileReference; lastKnownFileType = wrapper.framework; name = PKHUD.framework; path = Carthage/Build/iOS/PKHUD.framework; sourceTree = "<group>"; };
/* End PBXFileReference section */

/* Begin PBXFrameworksBuildPhase section */
		0E2717842361C11700883177 /* Frameworks */ = {
			isa = PBXFrameworksBuildPhase;
			buildActionMask = 2147483647;
			files = (
				0E2717912361C13D00883177 /* Alamofire.framework in Frameworks */,
				0E2717922361C13D00883177 /* Nimble.framework in Frameworks */,
				0E2717932361C13D00883177 /* PKHUD.framework in Frameworks */,
				0E2717942361C13D00883177 /* Quick.framework in Frameworks */,
				0E2717952361C13D00883177 /* RxSwift.framework in Frameworks */,
				0E2717962361C13D00883177 /* SnapKit.framework in Frameworks */,
			);
			runOnlyForDeploymentPostprocessing = 0;
		};
		0E4A6E4F23606EEE003C6399 /* Frameworks */ = {
			isa = PBXFrameworksBuildPhase;
			buildActionMask = 2147483647;
			files = (
				0E11922E2362E28A00252658 /* SkyFloatingLabelTextField.framework in Frameworks */,
				0E11922F2362E28A00252658 /* Lottie.framework in Frameworks */,
				0E2717812361C0D000883177 /* Nimble.framework in Frameworks */,
				0E2717822361C0D000883177 /* Quick.framework in Frameworks */,
				0E2717792361987000883177 /* RxSwift.framework in Frameworks */,
				0E4A6E7B23607364003C6399 /* Alamofire.framework in Frameworks */,
				0E4A6E7C23607364003C6399 /* SnapKit.framework in Frameworks */,
				0E4A6E7D23607364003C6399 /* PKHUD.framework in Frameworks */,
			);
			runOnlyForDeploymentPostprocessing = 0;
		};
		0E4A6E6323606EF0003C6399 /* Frameworks */ = {
			isa = PBXFrameworksBuildPhase;
			buildActionMask = 2147483647;
			files = (
				0E27177A2361989E00883177 /* RxSwift.framework in Frameworks */,
				0E4A6E82236076D9003C6399 /* Alamofire.framework in Frameworks */,
				0E4A6E83236076D9003C6399 /* PKHUD.framework in Frameworks */,
				0E4A6E84236076D9003C6399 /* SnapKit.framework in Frameworks */,
			);
			runOnlyForDeploymentPostprocessing = 0;
		};
/* End PBXFrameworksBuildPhase section */

/* Begin PBXGroup section */
		0E11921E23624F4000252658 /* OTPLogin */ = {
			isa = PBXGroup;
			children = (
				0E4A6E5723606EEE003C6399 /* OTPLoginViewController.swift */,
				0E11921F23624F5700252658 /* OTPLoginDisplay.swift */,
				0E11922A236252A600252658 /* OTPLoginPresenter.swift */,
			);
			path = OTPLogin;
			sourceTree = "<group>";
		};
		0E119221236250F400252658 /* Localization */ = {
			isa = PBXGroup;
			children = (
				0E1192222362511100252658 /* LocalizationKeys.swift */,
				0E1192242362513600252658 /* RewardsApp+StringKeys.swift */,
				0E1192262362519C00252658 /* RewardsApp.strings */,
			);
			path = Localization;
			sourceTree = "<group>";
		};
		0E1192302362FD3A00252658 /* PresenentationLayer */ = {
			isa = PBXGroup;
			children = (
				0E1192312362FD6D00252658 /* Utils */,
				0E119221236250F400252658 /* Localization */,
				0E4A6E5523606EEE003C6399 /* AppDelegate.swift */,
				0E27177C2361AC0100883177 /* Scenes */,
			);
			path = PresenentationLayer;
			sourceTree = "<group>";
		};
		0E1192312362FD6D00252658 /* Utils */ = {
			isa = PBXGroup;
			children = (
				0E1192322362FD7F00252658 /* TapDismissManager.swift */,
				0E1192342362FDB000252658 /* KeyboardTracker.swift */,
			);
			path = Utils;
			sourceTree = "<group>";
		};
		0E27176B2360796600883177 /* Models */ = {
			isa = PBXGroup;
			children = (
				0E2717722361938A00883177 /* BaseRequest.swift */,
				0E27176C236079CA00883177 /* LoginToken.swift */,
				0E27176E23607A5000883177 /* OTPLoginInput.swift */,
			);
			path = Models;
			sourceTree = "<group>";
		};
		0E2717702361934000883177 /* NetworkLayer */ = {
			isa = PBXGroup;
			children = (
				0E27177D2361B27000883177 /* APIError.swift */,
				0E27179A2361CF9200883177 /* HTTPClient.swift */,
				0E2717692360791600883177 /* EndpointConfiguration.swift */,
				0E2717982361CEDD00883177 /* ObservableDataSource.swift */,
				0E27176B2360796600883177 /* Models */,
				0E271776236194B300883177 /* Requests */,
				0E2717712361934D00883177 /* IdentityService */,
			);
			path = NetworkLayer;
			sourceTree = "<group>";
		};
		0E2717712361934D00883177 /* IdentityService */ = {
			isa = PBXGroup;
			children = (
				0E271774236193F200883177 /* IdentityService+OTP.swift */,
			);
			path = IdentityService;
			sourceTree = "<group>";
		};
		0E271776236194B300883177 /* Requests */ = {
			isa = PBXGroup;
			children = (
				0E271777236194DF00883177 /* OTPLoginRequest.swift */,
			);
			path = Requests;
			sourceTree = "<group>";
		};
		0E27177C2361AC0100883177 /* Scenes */ = {
			isa = PBXGroup;
			children = (
				0E4A6E5923606EEE003C6399 /* Main.storyboard */,
				0E11921E23624F4000252658 /* OTPLogin */,
			);
			path = Scenes;
			sourceTree = "<group>";
		};
		0E2717882361C11800883177 /* RewardsTests */ = {
			isa = PBXGroup;
			children = (
				0E2717A12361DE4B00883177 /* NetworkLayer */,
				0E27178B2361C11800883177 /* Info.plist */,
			);
			path = RewardsTests;
			sourceTree = "<group>";
		};
		0E2717A12361DE4B00883177 /* NetworkLayer */ = {
			isa = PBXGroup;
			children = (
				0E3312A5236239F600FF89B5 /* Mocks */,
				0E3312A823623B6900FF89B5 /* Identity */,
			);
			path = NetworkLayer;
			sourceTree = "<group>";
		};
		0E3312A5236239F600FF89B5 /* Mocks */ = {
			isa = PBXGroup;
			children = (
				0E3312A623623A1700FF89B5 /* ObservableDataSource+TestDoubles.swift */,
			);
			path = Mocks;
			sourceTree = "<group>";
		};
		0E3312A823623B6900FF89B5 /* Identity */ = {
			isa = PBXGroup;
			children = (
				0E2717892361C11800883177 /* OTPLoginRequestSpec.swift */,
				0E3312A12362380C00FF89B5 /* IdentityServiceSpec.swift */,
			);
			path = Identity;
			sourceTree = "<group>";
		};
		0E4A6E4923606EEE003C6399 = {
			isa = PBXGroup;
			children = (
				0E4A6E5423606EEE003C6399 /* Rewards */,
				0E4A6E6923606EF0003C6399 /* RewardsUITests */,
				0E2717882361C11800883177 /* RewardsTests */,
				0E4A6E5323606EEE003C6399 /* Products */,
				0E4A6E7523607364003C6399 /* Frameworks */,
			);
			sourceTree = "<group>";
		};
		0E4A6E5323606EEE003C6399 /* Products */ = {
			isa = PBXGroup;
			children = (
				0E4A6E5223606EEE003C6399 /* Rewards.app */,
				0E4A6E6623606EF0003C6399 /* RewardsUITests.xctest */,
				0E2717872361C11700883177 /* RewardsTests.xctest */,
			);
			name = Products;
			sourceTree = "<group>";
		};
		0E4A6E5423606EEE003C6399 /* Rewards */ = {
			isa = PBXGroup;
			children = (
				0E1192302362FD3A00252658 /* PresenentationLayer */,
				0E2717702361934000883177 /* NetworkLayer */,
				0E4A6E5C23606EF0003C6399 /* Assets.xcassets */,
				0E4A6E5E23606EF0003C6399 /* LaunchScreen.storyboard */,
				0E4A6E6123606EF0003C6399 /* Info.plist */,
			);
			path = Rewards;
			sourceTree = "<group>";
		};
		0E4A6E6923606EF0003C6399 /* RewardsUITests */ = {
			isa = PBXGroup;
			children = (
				0E4A6E6A23606EF0003C6399 /* RewardsUITests.swift */,
				0E4A6E6C23606EF0003C6399 /* Info.plist */,
			);
			path = RewardsUITests;
			sourceTree = "<group>";
		};
		0E4A6E7523607364003C6399 /* Frameworks */ = {
			isa = PBXGroup;
			children = (
				0E11922D2362E28A00252658 /* Lottie.framework */,
				0E11922C2362E28A00252658 /* SkyFloatingLabelTextField.framework */,
				0E27177F2361C0D000883177 /* Nimble.framework */,
				0E2717802361C0D000883177 /* Quick.framework */,
				0E4A6E7723607364003C6399 /* Alamofire.framework */,
				0E4A6E7923607364003C6399 /* PKHUD.framework */,
				0E4A6E7623607364003C6399 /* RxSwift.framework */,
				0E4A6E7823607364003C6399 /* SnapKit.framework */,
			);
			name = Frameworks;
			sourceTree = "<group>";
		};
/* End PBXGroup section */

/* Begin PBXNativeTarget section */
		0E2717862361C11700883177 /* RewardsTests */ = {
			isa = PBXNativeTarget;
			buildConfigurationList = 0E27178E2361C11800883177 /* Build configuration list for PBXNativeTarget "RewardsTests" */;
			buildPhases = (
				0E2717832361C11700883177 /* Sources */,
				0E2717842361C11700883177 /* Frameworks */,
				0E2717852361C11700883177 /* Resources */,
				0E2717972361C14500883177 /* ShellScript */,
			);
			buildRules = (
			);
			dependencies = (
				0E27178D2361C11800883177 /* PBXTargetDependency */,
			);
			name = RewardsTests;
			productName = RewardsTests;
			productReference = 0E2717872361C11700883177 /* RewardsTests.xctest */;
			productType = "com.apple.product-type.bundle.unit-test";
		};
		0E4A6E5123606EEE003C6399 /* Rewards */ = {
			isa = PBXNativeTarget;
			buildConfigurationList = 0E4A6E6F23606EF0003C6399 /* Build configuration list for PBXNativeTarget "Rewards" */;
			buildPhases = (
				0E4A6E4E23606EEE003C6399 /* Sources */,
				0E4A6E4F23606EEE003C6399 /* Frameworks */,
				0E4A6E5023606EEE003C6399 /* Resources */,
				0E4A6E7E236073D1003C6399 /* ShellScript */,
			);
			buildRules = (
			);
			dependencies = (
			);
			name = Rewards;
			productName = Rewards;
			productReference = 0E4A6E5223606EEE003C6399 /* Rewards.app */;
			productType = "com.apple.product-type.application";
		};
		0E4A6E6523606EF0003C6399 /* RewardsUITests */ = {
			isa = PBXNativeTarget;
			buildConfigurationList = 0E4A6E7223606EF0003C6399 /* Build configuration list for PBXNativeTarget "RewardsUITests" */;
			buildPhases = (
				0E4A6E6223606EF0003C6399 /* Sources */,
				0E4A6E6323606EF0003C6399 /* Frameworks */,
				0E4A6E6423606EF0003C6399 /* Resources */,
			);
			buildRules = (
			);
			dependencies = (
				0E4A6E6823606EF0003C6399 /* PBXTargetDependency */,
			);
			name = RewardsUITests;
			productName = RewardsUITests;
			productReference = 0E4A6E6623606EF0003C6399 /* RewardsUITests.xctest */;
			productType = "com.apple.product-type.bundle.ui-testing";
		};
/* End PBXNativeTarget section */

/* Begin PBXProject section */
		0E4A6E4A23606EEE003C6399 /* Project object */ = {
			isa = PBXProject;
			attributes = {
				LastSwiftUpdateCheck = 1020;
				LastUpgradeCheck = 1020;
				ORGANIZATIONNAME = "Arinjoy Biswas";
				TargetAttributes = {
					0E2717862361C11700883177 = {
						CreatedOnToolsVersion = 10.2.1;
						TestTargetID = 0E4A6E5123606EEE003C6399;
					};
					0E4A6E5123606EEE003C6399 = {
						CreatedOnToolsVersion = 10.2.1;
					};
					0E4A6E6523606EF0003C6399 = {
						CreatedOnToolsVersion = 10.2.1;
						TestTargetID = 0E4A6E5123606EEE003C6399;
					};
				};
			};
			buildConfigurationList = 0E4A6E4D23606EEE003C6399 /* Build configuration list for PBXProject "Rewards" */;
			compatibilityVersion = "Xcode 9.3";
			developmentRegion = en;
			hasScannedForEncodings = 0;
			knownRegions = (
				en,
				Base,
			);
			mainGroup = 0E4A6E4923606EEE003C6399;
			productRefGroup = 0E4A6E5323606EEE003C6399 /* Products */;
			projectDirPath = "";
			projectRoot = "";
			targets = (
				0E4A6E5123606EEE003C6399 /* Rewards */,
				0E4A6E6523606EF0003C6399 /* RewardsUITests */,
				0E2717862361C11700883177 /* RewardsTests */,
			);
		};
/* End PBXProject section */

/* Begin PBXResourcesBuildPhase section */
		0E2717852361C11700883177 /* Resources */ = {
			isa = PBXResourcesBuildPhase;
			buildActionMask = 2147483647;
			files = (
			);
			runOnlyForDeploymentPostprocessing = 0;
		};
		0E4A6E5023606EEE003C6399 /* Resources */ = {
			isa = PBXResourcesBuildPhase;
			buildActionMask = 2147483647;
			files = (
				0E4A6E6023606EF0003C6399 /* LaunchScreen.storyboard in Resources */,
				0E4A6E5D23606EF0003C6399 /* Assets.xcassets in Resources */,
				0E4A6E5B23606EEE003C6399 /* Main.storyboard in Resources */,
				0E1192272362519C00252658 /* RewardsApp.strings in Resources */,
			);
			runOnlyForDeploymentPostprocessing = 0;
		};
		0E4A6E6423606EF0003C6399 /* Resources */ = {
			isa = PBXResourcesBuildPhase;
			buildActionMask = 2147483647;
			files = (
			);
			runOnlyForDeploymentPostprocessing = 0;
		};
/* End PBXResourcesBuildPhase section */

/* Begin PBXShellScriptBuildPhase section */
		0E2717972361C14500883177 /* ShellScript */ = {
			isa = PBXShellScriptBuildPhase;
			buildActionMask = 2147483647;
			files = (
			);
			inputFileListPaths = (
			);
			inputPaths = (
				"$(SRCROOT)/Carthage/Build/iOS/RxSwift.framework",
				"$(SRCROOT)/Carthage/Build/iOS/Alamofire.framework",
				"$(SRCROOT)/Carthage/Build/iOS/Quick.framework",
				"$(SRCROOT)/Carthage/Build/iOS/Nimble.framework",
			);
			outputFileListPaths = (
			);
			outputPaths = (
			);
			runOnlyForDeploymentPostprocessing = 0;
			shellPath = /bin/sh;
			shellScript = "/usr/local/bin/carthage copy-frameworks\n\n";
		};
		0E4A6E7E236073D1003C6399 /* ShellScript */ = {
			isa = PBXShellScriptBuildPhase;
			buildActionMask = 2147483647;
			files = (
			);
			inputFileListPaths = (
			);
			inputPaths = (
				"$(SRCROOT)/Carthage/Build/iOS/Alamofire.framework",
				"$(SRCROOT)/Carthage/Build/iOS/SnapKit.framework",
				"/$(SRCROOT)/Carthage/Build/iOS/PKHUD.framework",
				"/$(SRCROOT)/Carthage/Build/iOS/RxSwift.framework",
				"/$(SRCROOT)/Carthage/Build/iOS/Quick.framework",
				"/$(SRCROOT)/Carthage/Build/iOS/Nimble.framework",
				"/$(SRCROOT)/Carthage/Build/iOS/Lottie.framework",
				"/$(SRCROOT)/Carthage/Build/iOS/SkyFloatingLabelTextField.framework",
			);
			outputFileListPaths = (
			);
			outputPaths = (
			);
			runOnlyForDeploymentPostprocessing = 0;
			shellPath = /bin/sh;
			shellScript = "/usr/local/bin/carthage copy-frameworks\n";
		};
/* End PBXShellScriptBuildPhase section */

/* Begin PBXSourcesBuildPhase section */
		0E2717832361C11700883177 /* Sources */ = {
			isa = PBXSourcesBuildPhase;
			buildActionMask = 2147483647;
			files = (
				0E3312A22362380C00FF89B5 /* IdentityServiceSpec.swift in Sources */,
				0E3312A723623A1700FF89B5 /* ObservableDataSource+TestDoubles.swift in Sources */,
				0E27178A2361C11800883177 /* OTPLoginRequestSpec.swift in Sources */,
			);
			runOnlyForDeploymentPostprocessing = 0;
		};
		0E4A6E4E23606EEE003C6399 /* Sources */ = {
			isa = PBXSourcesBuildPhase;
			buildActionMask = 2147483647;
			files = (
				0E11922B236252A600252658 /* OTPLoginPresenter.swift in Sources */,
				0E2717732361938A00883177 /* BaseRequest.swift in Sources */,
				0E4A6E5823606EEE003C6399 /* OTPLoginViewController.swift in Sources */,
				0E11922023624F5700252658 /* OTPLoginDisplay.swift in Sources */,
				0E27179B2361CF9200883177 /* HTTPClient.swift in Sources */,
				0E27176D236079CA00883177 /* LoginToken.swift in Sources */,
				0E27177E2361B27000883177 /* APIError.swift in Sources */,
				0E271778236194DF00883177 /* OTPLoginRequest.swift in Sources */,
				0E27176F23607A5000883177 /* OTPLoginInput.swift in Sources */,
				0E27176A2360791600883177 /* EndpointConfiguration.swift in Sources */,
				0E1192352362FDB000252658 /* KeyboardTracker.swift in Sources */,
				0E1192252362513600252658 /* RewardsApp+StringKeys.swift in Sources */,
				0E1192232362511100252658 /* LocalizationKeys.swift in Sources */,
				0E271775236193F200883177 /* IdentityService+OTP.swift in Sources */,
				0E2717992361CEDD00883177 /* ObservableDataSource.swift in Sources */,
				0E1192332362FD7F00252658 /* TapDismissManager.swift in Sources */,
				0E4A6E5623606EEE003C6399 /* AppDelegate.swift in Sources */,
			);
			runOnlyForDeploymentPostprocessing = 0;
		};
		0E4A6E6223606EF0003C6399 /* Sources */ = {
			isa = PBXSourcesBuildPhase;
			buildActionMask = 2147483647;
			files = (
				0E4A6E6B23606EF0003C6399 /* RewardsUITests.swift in Sources */,
			);
			runOnlyForDeploymentPostprocessing = 0;
		};
/* End PBXSourcesBuildPhase section */

/* Begin PBXTargetDependency section */
		0E27178D2361C11800883177 /* PBXTargetDependency */ = {
			isa = PBXTargetDependency;
			target = 0E4A6E5123606EEE003C6399 /* Rewards */;
			targetProxy = 0E27178C2361C11800883177 /* PBXContainerItemProxy */;
		};
		0E4A6E6823606EF0003C6399 /* PBXTargetDependency */ = {
			isa = PBXTargetDependency;
			target = 0E4A6E5123606EEE003C6399 /* Rewards */;
			targetProxy = 0E4A6E6723606EF0003C6399 /* PBXContainerItemProxy */;
		};
/* End PBXTargetDependency section */

/* Begin PBXVariantGroup section */
		0E4A6E5923606EEE003C6399 /* Main.storyboard */ = {
			isa = PBXVariantGroup;
			children = (
				0E4A6E5A23606EEE003C6399 /* Base */,
			);
			name = Main.storyboard;
			sourceTree = "<group>";
		};
		0E4A6E5E23606EF0003C6399 /* LaunchScreen.storyboard */ = {
			isa = PBXVariantGroup;
			children = (
				0E4A6E5F23606EF0003C6399 /* Base */,
			);
			name = LaunchScreen.storyboard;
			sourceTree = "<group>";
		};
/* End PBXVariantGroup section */

/* Begin XCBuildConfiguration section */
		0E27178F2361C11800883177 /* Debug */ = {
			isa = XCBuildConfiguration;
			buildSettings = {
				BUNDLE_LOADER = "$(TEST_HOST)";
				CODE_SIGN_STYLE = Automatic;
				DEVELOPMENT_TEAM = 9D2CDZVV47;
				FRAMEWORK_SEARCH_PATHS = (
					"$(inherited)",
					"$(PROJECT_DIR)/Carthage/Build/iOS",
				);
				INFOPLIST_FILE = RewardsTests/Info.plist;
				LD_RUNPATH_SEARCH_PATHS = (
					"$(inherited)",
					"@executable_path/Frameworks",
					"@loader_path/Frameworks",
				);
				PRODUCT_BUNDLE_IDENTIFIER = com.app.arin.RewardsTests;
				PRODUCT_NAME = "$(TARGET_NAME)";
				SWIFT_VERSION = 5.0;
				TARGETED_DEVICE_FAMILY = "1,2";
				TEST_HOST = "$(BUILT_PRODUCTS_DIR)/Rewards.app/Rewards";
			};
			name = Debug;
		};
		0E2717902361C11800883177 /* Release */ = {
			isa = XCBuildConfiguration;
			buildSettings = {
				BUNDLE_LOADER = "$(TEST_HOST)";
				CODE_SIGN_STYLE = Automatic;
				DEVELOPMENT_TEAM = 9D2CDZVV47;
				FRAMEWORK_SEARCH_PATHS = (
					"$(inherited)",
					"$(PROJECT_DIR)/Carthage/Build/iOS",
				);
				INFOPLIST_FILE = RewardsTests/Info.plist;
				LD_RUNPATH_SEARCH_PATHS = (
					"$(inherited)",
					"@executable_path/Frameworks",
					"@loader_path/Frameworks",
				);
				PRODUCT_BUNDLE_IDENTIFIER = com.app.arin.RewardsTests;
				PRODUCT_NAME = "$(TARGET_NAME)";
				SWIFT_VERSION = 5.0;
				TARGETED_DEVICE_FAMILY = "1,2";
				TEST_HOST = "$(BUILT_PRODUCTS_DIR)/Rewards.app/Rewards";
			};
			name = Release;
		};
		0E4A6E6D23606EF0003C6399 /* Debug */ = {
			isa = XCBuildConfiguration;
			buildSettings = {
				ALWAYS_SEARCH_USER_PATHS = NO;
				CLANG_ANALYZER_NONNULL = YES;
				CLANG_ANALYZER_NUMBER_OBJECT_CONVERSION = YES_AGGRESSIVE;
				CLANG_CXX_LANGUAGE_STANDARD = "gnu++14";
				CLANG_CXX_LIBRARY = "libc++";
				CLANG_ENABLE_MODULES = YES;
				CLANG_ENABLE_OBJC_ARC = YES;
				CLANG_ENABLE_OBJC_WEAK = YES;
				CLANG_WARN_BLOCK_CAPTURE_AUTORELEASING = YES;
				CLANG_WARN_BOOL_CONVERSION = YES;
				CLANG_WARN_COMMA = YES;
				CLANG_WARN_CONSTANT_CONVERSION = YES;
				CLANG_WARN_DEPRECATED_OBJC_IMPLEMENTATIONS = YES;
				CLANG_WARN_DIRECT_OBJC_ISA_USAGE = YES_ERROR;
				CLANG_WARN_DOCUMENTATION_COMMENTS = YES;
				CLANG_WARN_EMPTY_BODY = YES;
				CLANG_WARN_ENUM_CONVERSION = YES;
				CLANG_WARN_INFINITE_RECURSION = YES;
				CLANG_WARN_INT_CONVERSION = YES;
				CLANG_WARN_NON_LITERAL_NULL_CONVERSION = YES;
				CLANG_WARN_OBJC_IMPLICIT_RETAIN_SELF = YES;
				CLANG_WARN_OBJC_LITERAL_CONVERSION = YES;
				CLANG_WARN_OBJC_ROOT_CLASS = YES_ERROR;
				CLANG_WARN_RANGE_LOOP_ANALYSIS = YES;
				CLANG_WARN_STRICT_PROTOTYPES = YES;
				CLANG_WARN_SUSPICIOUS_MOVE = YES;
				CLANG_WARN_UNGUARDED_AVAILABILITY = YES_AGGRESSIVE;
				CLANG_WARN_UNREACHABLE_CODE = YES;
				CLANG_WARN__DUPLICATE_METHOD_MATCH = YES;
				CODE_SIGN_IDENTITY = "iPhone Developer";
				COPY_PHASE_STRIP = NO;
				DEBUG_INFORMATION_FORMAT = dwarf;
				ENABLE_STRICT_OBJC_MSGSEND = YES;
				ENABLE_TESTABILITY = YES;
				GCC_C_LANGUAGE_STANDARD = gnu11;
				GCC_DYNAMIC_NO_PIC = NO;
				GCC_NO_COMMON_BLOCKS = YES;
				GCC_OPTIMIZATION_LEVEL = 0;
				GCC_PREPROCESSOR_DEFINITIONS = (
					"DEBUG=1",
					"$(inherited)",
				);
				GCC_WARN_64_TO_32_BIT_CONVERSION = YES;
				GCC_WARN_ABOUT_RETURN_TYPE = YES_ERROR;
				GCC_WARN_UNDECLARED_SELECTOR = YES;
				GCC_WARN_UNINITIALIZED_AUTOS = YES_AGGRESSIVE;
				GCC_WARN_UNUSED_FUNCTION = YES;
				GCC_WARN_UNUSED_VARIABLE = YES;
				IPHONEOS_DEPLOYMENT_TARGET = 12.2;
				MTL_ENABLE_DEBUG_INFO = INCLUDE_SOURCE;
				MTL_FAST_MATH = YES;
				ONLY_ACTIVE_ARCH = YES;
				SDKROOT = iphoneos;
				SWIFT_ACTIVE_COMPILATION_CONDITIONS = DEBUG;
				SWIFT_OPTIMIZATION_LEVEL = "-Onone";
				SWIFT_VERSION = 5.0;
			};
			name = Debug;
		};
		0E4A6E6E23606EF0003C6399 /* Release */ = {
			isa = XCBuildConfiguration;
			buildSettings = {
				ALWAYS_SEARCH_USER_PATHS = NO;
				CLANG_ANALYZER_NONNULL = YES;
				CLANG_ANALYZER_NUMBER_OBJECT_CONVERSION = YES_AGGRESSIVE;
				CLANG_CXX_LANGUAGE_STANDARD = "gnu++14";
				CLANG_CXX_LIBRARY = "libc++";
				CLANG_ENABLE_MODULES = YES;
				CLANG_ENABLE_OBJC_ARC = YES;
				CLANG_ENABLE_OBJC_WEAK = YES;
				CLANG_WARN_BLOCK_CAPTURE_AUTORELEASING = YES;
				CLANG_WARN_BOOL_CONVERSION = YES;
				CLANG_WARN_COMMA = YES;
				CLANG_WARN_CONSTANT_CONVERSION = YES;
				CLANG_WARN_DEPRECATED_OBJC_IMPLEMENTATIONS = YES;
				CLANG_WARN_DIRECT_OBJC_ISA_USAGE = YES_ERROR;
				CLANG_WARN_DOCUMENTATION_COMMENTS = YES;
				CLANG_WARN_EMPTY_BODY = YES;
				CLANG_WARN_ENUM_CONVERSION = YES;
				CLANG_WARN_INFINITE_RECURSION = YES;
				CLANG_WARN_INT_CONVERSION = YES;
				CLANG_WARN_NON_LITERAL_NULL_CONVERSION = YES;
				CLANG_WARN_OBJC_IMPLICIT_RETAIN_SELF = YES;
				CLANG_WARN_OBJC_LITERAL_CONVERSION = YES;
				CLANG_WARN_OBJC_ROOT_CLASS = YES_ERROR;
				CLANG_WARN_RANGE_LOOP_ANALYSIS = YES;
				CLANG_WARN_STRICT_PROTOTYPES = YES;
				CLANG_WARN_SUSPICIOUS_MOVE = YES;
				CLANG_WARN_UNGUARDED_AVAILABILITY = YES_AGGRESSIVE;
				CLANG_WARN_UNREACHABLE_CODE = YES;
				CLANG_WARN__DUPLICATE_METHOD_MATCH = YES;
				CODE_SIGN_IDENTITY = "iPhone Developer";
				COPY_PHASE_STRIP = NO;
				DEBUG_INFORMATION_FORMAT = "dwarf-with-dsym";
				ENABLE_NS_ASSERTIONS = NO;
				ENABLE_STRICT_OBJC_MSGSEND = YES;
				GCC_C_LANGUAGE_STANDARD = gnu11;
				GCC_NO_COMMON_BLOCKS = YES;
				GCC_WARN_64_TO_32_BIT_CONVERSION = YES;
				GCC_WARN_ABOUT_RETURN_TYPE = YES_ERROR;
				GCC_WARN_UNDECLARED_SELECTOR = YES;
				GCC_WARN_UNINITIALIZED_AUTOS = YES_AGGRESSIVE;
				GCC_WARN_UNUSED_FUNCTION = YES;
				GCC_WARN_UNUSED_VARIABLE = YES;
				IPHONEOS_DEPLOYMENT_TARGET = 12.2;
				MTL_ENABLE_DEBUG_INFO = NO;
				MTL_FAST_MATH = YES;
				SDKROOT = iphoneos;
				SWIFT_COMPILATION_MODE = wholemodule;
				SWIFT_OPTIMIZATION_LEVEL = "-O";
				SWIFT_VERSION = 5.0;
				VALIDATE_PRODUCT = YES;
			};
			name = Release;
		};
		0E4A6E7023606EF0003C6399 /* Debug */ = {
			isa = XCBuildConfiguration;
			buildSettings = {
				ASSETCATALOG_COMPILER_APPICON_NAME = AppIcon;
				CODE_SIGN_STYLE = Automatic;
				DEVELOPMENT_TEAM = 9D2CDZVV47;
				FRAMEWORK_SEARCH_PATHS = (
					"$(inherited)",
					"$(PROJECT_DIR)/Carthage/Build/iOS",
				);
				INFOPLIST_FILE = Rewards/Info.plist;
				LD_RUNPATH_SEARCH_PATHS = (
					"$(inherited)",
					"@executable_path/Frameworks",
				);
				PRODUCT_BUNDLE_IDENTIFIER = com.app.arin.Rewards;
				PRODUCT_NAME = "$(TARGET_NAME)";
				SWIFT_VERSION = 5.0;
				TARGETED_DEVICE_FAMILY = "1,2";
			};
			name = Debug;
		};
		0E4A6E7123606EF0003C6399 /* Release */ = {
			isa = XCBuildConfiguration;
			buildSettings = {
				ASSETCATALOG_COMPILER_APPICON_NAME = AppIcon;
				CODE_SIGN_STYLE = Automatic;
				DEVELOPMENT_TEAM = 9D2CDZVV47;
				FRAMEWORK_SEARCH_PATHS = (
					"$(inherited)",
					"$(PROJECT_DIR)/Carthage/Build/iOS",
				);
				INFOPLIST_FILE = Rewards/Info.plist;
				LD_RUNPATH_SEARCH_PATHS = (
					"$(inherited)",
					"@executable_path/Frameworks",
				);
				PRODUCT_BUNDLE_IDENTIFIER = com.app.arin.Rewards;
				PRODUCT_NAME = "$(TARGET_NAME)";
				SWIFT_VERSION = 5.0;
				TARGETED_DEVICE_FAMILY = "1,2";
			};
			name = Release;
		};
		0E4A6E7323606EF0003C6399 /* Debug */ = {
			isa = XCBuildConfiguration;
			buildSettings = {
				ALWAYS_EMBED_SWIFT_STANDARD_LIBRARIES = YES;
				CODE_SIGN_STYLE = Automatic;
				DEVELOPMENT_TEAM = 9D2CDZVV47;
				FRAMEWORK_SEARCH_PATHS = (
					"$(inherited)",
					"$(PROJECT_DIR)/Carthage/Build/iOS",
				);
				INFOPLIST_FILE = RewardsUITests/Info.plist;
				LD_RUNPATH_SEARCH_PATHS = (
					"$(inherited)",
					"@executable_path/Frameworks",
					"@loader_path/Frameworks",
				);
				PRODUCT_BUNDLE_IDENTIFIER = com.app.arin.RewardsUITests;
				PRODUCT_NAME = "$(TARGET_NAME)";
				SWIFT_VERSION = 5.0;
				TARGETED_DEVICE_FAMILY = "1,2";
				TEST_TARGET_NAME = Rewards;
			};
			name = Debug;
		};
		0E4A6E7423606EF0003C6399 /* Release */ = {
			isa = XCBuildConfiguration;
			buildSettings = {
				ALWAYS_EMBED_SWIFT_STANDARD_LIBRARIES = YES;
				CODE_SIGN_STYLE = Automatic;
				DEVELOPMENT_TEAM = 9D2CDZVV47;
				FRAMEWORK_SEARCH_PATHS = (
					"$(inherited)",
					"$(PROJECT_DIR)/Carthage/Build/iOS",
				);
				INFOPLIST_FILE = RewardsUITests/Info.plist;
				LD_RUNPATH_SEARCH_PATHS = (
					"$(inherited)",
					"@executable_path/Frameworks",
					"@loader_path/Frameworks",
				);
				PRODUCT_BUNDLE_IDENTIFIER = com.app.arin.RewardsUITests;
				PRODUCT_NAME = "$(TARGET_NAME)";
				SWIFT_VERSION = 5.0;
				TARGETED_DEVICE_FAMILY = "1,2";
				TEST_TARGET_NAME = Rewards;
			};
			name = Release;
		};
/* End XCBuildConfiguration section */

/* Begin XCConfigurationList section */
		0E27178E2361C11800883177 /* Build configuration list for PBXNativeTarget "RewardsTests" */ = {
			isa = XCConfigurationList;
			buildConfigurations = (
				0E27178F2361C11800883177 /* Debug */,
				0E2717902361C11800883177 /* Release */,
			);
			defaultConfigurationIsVisible = 0;
			defaultConfigurationName = Release;
		};
		0E4A6E4D23606EEE003C6399 /* Build configuration list for PBXProject "Rewards" */ = {
			isa = XCConfigurationList;
			buildConfigurations = (
				0E4A6E6D23606EF0003C6399 /* Debug */,
				0E4A6E6E23606EF0003C6399 /* Release */,
			);
			defaultConfigurationIsVisible = 0;
			defaultConfigurationName = Release;
		};
		0E4A6E6F23606EF0003C6399 /* Build configuration list for PBXNativeTarget "Rewards" */ = {
			isa = XCConfigurationList;
			buildConfigurations = (
				0E4A6E7023606EF0003C6399 /* Debug */,
				0E4A6E7123606EF0003C6399 /* Release */,
			);
			defaultConfigurationIsVisible = 0;
			defaultConfigurationName = Release;
		};
		0E4A6E7223606EF0003C6399 /* Build configuration list for PBXNativeTarget "RewardsUITests" */ = {
			isa = XCConfigurationList;
			buildConfigurations = (
				0E4A6E7323606EF0003C6399 /* Debug */,
				0E4A6E7423606EF0003C6399 /* Release */,
			);
			defaultConfigurationIsVisible = 0;
			defaultConfigurationName = Release;
		};
/* End XCConfigurationList section */
	};
	rootObject = 0E4A6E4A23606EEE003C6399 /* Project object */;
}
